
Microsoft Visual Studio Solution File, Format Version 12.00
# Visual Studio Version 16
VisualStudioVersion = 16.0.810.22
MinimumVisualStudioVersion = 10.0.40219.1
Project("{FAE04EC0-301F-11D3-BF4B-00C04F79EFBC}") = "APOPharmaImmun", "APOPharmaImmun\APOPharmaImmun.csproj", "{2AF27D89-A86E-433F-8991-F4DA87B2652E}"
EndProject
Project("{E53339B2-1760-4266-BCC7-CA923CBCF16C}") = "docker-compose", "docker-compose.dcproj", "{C55782E8-4706-418F-9AF6-6B1681FCB6D2}"
EndProject
Global
	GlobalSection(SolutionConfigurationPlatforms) = preSolution
		Debug|Any CPU = Debug|Any CPU
		Release|Any CPU = Release|Any CPU
	EndGlobalSection
	GlobalSection(ProjectConfigurationPlatforms) = postSolution
		{2AF27D89-A86E-433F-8991-F4DA87B2652E}.Debug|Any CPU.ActiveCfg = Debug|Any CPU
		{2AF27D89-A86E-433F-8991-F4DA87B2652E}.Debug|Any CPU.Build.0 = Debug|Any CPU
		{2AF27D89-A86E-433F-8991-F4DA87B2652E}.Release|Any CPU.ActiveCfg = Release|Any CPU
		{2AF27D89-A86E-433F-8991-F4DA87B2652E}.Release|Any CPU.Build.0 = Release|Any CPU
		{C55782E8-4706-418F-9AF6-6B1681FCB6D2}.Debug|Any CPU.ActiveCfg = Debug|Any CPU
		{C55782E8-4706-418F-9AF6-6B1681FCB6D2}.Debug|Any CPU.Build.0 = Debug|Any CPU
		{C55782E8-4706-418F-9AF6-6B1681FCB6D2}.Release|Any CPU.ActiveCfg = Release|Any CPU
		{C55782E8-4706-418F-9AF6-6B1681FCB6D2}.Release|Any CPU.Build.0 = Release|Any CPU
	EndGlobalSection
	GlobalSection(SolutionProperties) = preSolution
		HideSolutionNode = FALSE
	EndGlobalSection
	GlobalSection(ExtensibilityGlobals) = postSolution
		SolutionGuid = {6AC42DC3-3D25-43AF-A172-63A811003BC3}
	EndGlobalSection
EndGlobal
